<Solution>
  <Project Path="PosTechChallenge.Application/PosTechChallenge.Dominio.csproj" Id="cb987bb4-1c9d-4e2a-8946-6bec3d17a09a" />
  <Project Path="PosTechChallenge.Infraestrutura/PosTechChallenge.Infraestrutura.csproj" Id="24fe3e26-1680-4a63-8208-eeae06b301c3" />
  <Project Path="PosTechChallenge/PosTechChallenge.csproj" />
</Solution>
